<?xml version="1.0" encoding="utf-8"?>
<Project ToolsVersion="4.0" xmlns="http://schemas.microsoft.com/developer/msbuild/2003">
  <ItemGroup>
    <CustomBuild Include="..\CMakeLists.txt" />
  </ItemGroup>
  <ItemGroup>
    <Filter Include="Source Files">
      <UniqueIdentifier>{74E0D2D9-4A16-4DFA-A32F-59E833E5E8F2}</UniqueIdentifier>
    </Filter>
    <Filter Include="Header Files">
      <UniqueIdentifier>{88160570-8263-43e7-b222-97cc671764e7}</UniqueIdentifier>
    </Filter>
  </ItemGroup>
  <ItemGroup>
    <ClCompile Include="Kinect.cpp">
      <Filter>Source Files</Filter>
    </ClCompile>
    <ClCompile Include="test_kinect.cpp">
      <Filter>Source Files</Filter>
    </ClCompile>
    <ClCompile Include="EfficientGraphSegmentation.cpp">
      <Filter>Source Files</Filter>
    </ClCompile>
  </ItemGroup>
  <ItemGroup>
    <ClInclude Include="Kinect.h">
      <Filter>Header Files</Filter>
    </ClInclude>
    <ClInclude Include="EfficientGraphSegmentation.h">
      <Filter>Header Files</Filter>
    </ClInclude>
  </ItemGroup>
</Project>